
Microsoft Visual Studio Solution File, Format Version 12.00
# Visual Studio Version 17
VisualStudioVersion = 17.2.32630.192
MinimumVisualStudioVersion = 10.0.40219.1
Project("{9A19103F-16F7-4668-BE54-9A1E7A4F7556}") = "R5T.T0162", "R5T.T0162\R5T.T0162.csproj", "{2B29EFA0-763E-444E-88D5-7084C0B16A79}"
EndProject
Project("{2150E333-8FDC-42A3-9474-1A3956D46DE8}") = "_Dependencies", "_Dependencies", "{1935ACBD-CB58-4304-B4A4-F620924747FF}"
EndProject
Project("{9A19103F-16F7-4668-BE54-9A1E7A4F7556}") = "R5T.T0143", "..\..\R5T.T0143\source\R5T.T0143\R5T.T0143.csproj", "{66FAFA36-D8F4-4AB1-BC2E-4FFA6D075913}"
EndProject
Project("{9A19103F-16F7-4668-BE54-9A1E7A4F7556}") = "R5T.T0150", "..\..\R5T.T0150\source\R5T.T0150\R5T.T0150.csproj", "{101E3A6F-43DB-4950-8485-A36C6E55873A}"
EndProject
Project("{9A19103F-16F7-4668-BE54-9A1E7A4F7556}") = "R5T.T0151", "..\..\R5T.T0151\source\R5T.T0151\R5T.T0151.csproj", "{CA82C743-D360-4DB8-9177-9D03006B0C80}"
EndProject
Global
	GlobalSection(NestedProjects) = preSolution
		{66FAFA36-D8F4-4AB1-BC2E-4FFA6D075913} = {1935ACBD-CB58-4304-B4A4-F620924747FF}
		{101E3A6F-43DB-4950-8485-A36C6E55873A} = {1935ACBD-CB58-4304-B4A4-F620924747FF}
		{CA82C743-D360-4DB8-9177-9D03006B0C80} = {1935ACBD-CB58-4304-B4A4-F620924747FF}
	EndGlobalSection
	GlobalSection(SolutionConfigurationPlatforms) = preSolution
		Debug|Any CPU = Debug|Any CPU
		Release|Any CPU = Release|Any CPU
	EndGlobalSection
	GlobalSection(ProjectConfigurationPlatforms) = postSolution
		{2B29EFA0-763E-444E-88D5-7084C0B16A79}.Debug|Any CPU.ActiveCfg = Debug|Any CPU
		{2B29EFA0-763E-444E-88D5-7084C0B16A79}.Debug|Any CPU.Build.0 = Debug|Any CPU
		{2B29EFA0-763E-444E-88D5-7084C0B16A79}.Release|Any CPU.ActiveCfg = Release|Any CPU
		{2B29EFA0-763E-444E-88D5-7084C0B16A79}.Release|Any CPU.Build.0 = Release|Any CPU
		{66FAFA36-D8F4-4AB1-BC2E-4FFA6D075913}.Debug|Any CPU.ActiveCfg = Debug|Any CPU
		{66FAFA36-D8F4-4AB1-BC2E-4FFA6D075913}.Debug|Any CPU.Build.0 = Debug|Any CPU
		{66FAFA36-D8F4-4AB1-BC2E-4FFA6D075913}.Release|Any CPU.ActiveCfg = Release|Any CPU
		{66FAFA36-D8F4-4AB1-BC2E-4FFA6D075913}.Release|Any CPU.Build.0 = Release|Any CPU
		{101E3A6F-43DB-4950-8485-A36C6E55873A}.Debug|Any CPU.ActiveCfg = Debug|Any CPU
		{101E3A6F-43DB-4950-8485-A36C6E55873A}.Debug|Any CPU.Build.0 = Debug|Any CPU
		{101E3A6F-43DB-4950-8485-A36C6E55873A}.Release|Any CPU.ActiveCfg = Release|Any CPU
		{101E3A6F-43DB-4950-8485-A36C6E55873A}.Release|Any CPU.Build.0 = Release|Any CPU
		{CA82C743-D360-4DB8-9177-9D03006B0C80}.Debug|Any CPU.ActiveCfg = Debug|Any CPU
		{CA82C743-D360-4DB8-9177-9D03006B0C80}.Debug|Any CPU.Build.0 = Debug|Any CPU
		{CA82C743-D360-4DB8-9177-9D03006B0C80}.Release|Any CPU.ActiveCfg = Release|Any CPU
		{CA82C743-D360-4DB8-9177-9D03006B0C80}.Release|Any CPU.Build.0 = Release|Any CPU
	EndGlobalSection
	GlobalSection(SolutionProperties) = preSolution
		HideSolutionNode = FALSE
	EndGlobalSection
	GlobalSection(ExtensibilityGlobals) = postSolution
		SolutionGuid = {DD50B27F-F0E0-46EF-877B-7B172DA63BAE}
	EndGlobalSection
EndGlobal
