
Microsoft Visual Studio Solution File, Format Version 12.00
# Visual Studio Version 17
VisualStudioVersion = 17.2.32630.192
MinimumVisualStudioVersion = 10.0.40219.1
Project("{9A19103F-16F7-4668-BE54-9A1E7A4F7556}") = "R5T.T0162.Construction", "R5T.T0162.Construction\R5T.T0162.Construction.csproj", "{9DF85A20-8D65-41B4-AD0B-F5D7B085D224}"
EndProject
Project("{9A19103F-16F7-4668-BE54-9A1E7A4F7556}") = "R5T.T0162", "R5T.T0162\R5T.T0162.csproj", "{7A9D4E91-70E3-4204-8CB0-0617316D0200}"
EndProject
Project("{2150E333-8FDC-42A3-9474-1A3956D46DE8}") = "_Dependencies", "_Dependencies", "{B7BF693A-3BB9-467A-8297-AECFAC235DE9}"
EndProject
Project("{9A19103F-16F7-4668-BE54-9A1E7A4F7556}") = "R5T.T0132", "..\..\R5T.T0132\source\R5T.T0132\R5T.T0132.csproj", "{23E323AF-D608-4C73-8C38-94CE4B445D8D}"
EndProject
Project("{9A19103F-16F7-4668-BE54-9A1E7A4F7556}") = "R5T.T0143", "..\..\R5T.T0143\source\R5T.T0143\R5T.T0143.csproj", "{E0D20F1F-1055-4D54-8480-E2ED67DC791F}"
EndProject
Project("{9A19103F-16F7-4668-BE54-9A1E7A4F7556}") = "R5T.T0150", "..\..\R5T.T0150\source\R5T.T0150\R5T.T0150.csproj", "{FEEF086C-B034-4BA3-B3DA-F536771D133A}"
EndProject
Project("{9A19103F-16F7-4668-BE54-9A1E7A4F7556}") = "R5T.T0151", "..\..\R5T.T0151\source\R5T.T0151\R5T.T0151.csproj", "{40913784-D061-4942-83D7-0B54563A4B53}"
EndProject
Project("{9A19103F-16F7-4668-BE54-9A1E7A4F7556}") = "R5T.T0142", "..\..\R5T.T0142\source\R5T.T0142\R5T.T0142.csproj", "{0DED29FE-2439-4A93-A720-A7193F05BC63}"
EndProject
Project("{9A19103F-16F7-4668-BE54-9A1E7A4F7556}") = "R5T.T0178", "..\..\R5T.T0178\source\R5T.T0178\R5T.T0178.csproj", "{61BC2B09-84CE-4E9B-8C1E-6868EA5C2A16}"
EndProject
Project("{9A19103F-16F7-4668-BE54-9A1E7A4F7556}") = "R5T.T0179", "..\..\R5T.T0179\source\R5T.T0179\R5T.T0179.csproj", "{3ED52A92-6B27-4C47-858E-B3D486AF1185}"
EndProject
Project("{9A19103F-16F7-4668-BE54-9A1E7A4F7556}") = "R5T.T0162.F001", "R5T.T0162.F001\R5T.T0162.F001.csproj", "{1CF4CA81-FD44-4B6F-B1EC-EAB3625D2072}"
EndProject
Project("{9A19103F-16F7-4668-BE54-9A1E7A4F7556}") = "R5T.F0000", "..\..\R5T.F0000\source\R5T.F0000\R5T.F0000.csproj", "{9EBBC262-25DB-4382-AF61-FC6663078AA1}"
EndProject
Project("{9A19103F-16F7-4668-BE54-9A1E7A4F7556}") = "R5T.L0053", "..\..\R5T.L0053\source\R5T.L0053\R5T.L0053.csproj", "{3273ABC3-8307-4F6D-AFC6-7A5D4B74A53C}"
EndProject
Project("{9A19103F-16F7-4668-BE54-9A1E7A4F7556}") = "R5T.L0066", "..\..\R5T.L0066\source\R5T.L0066\R5T.L0066.csproj", "{7E45175C-B083-422A-B8C1-CBE0F63CBA3F}"
EndProject
Project("{9A19103F-16F7-4668-BE54-9A1E7A4F7556}") = "R5T.L0071", "..\..\R5T.L0071\source\R5T.L0071\R5T.L0071.csproj", "{1FF65052-6089-46A7-BAA5-A3135FCABD84}"
EndProject
Project("{9A19103F-16F7-4668-BE54-9A1E7A4F7556}") = "R5T.L0089.F000", "..\..\R5T.L0089\source\R5T.L0089.F000\R5T.L0089.F000.csproj", "{A444B6AB-7C56-4630-94B8-94D6C6BB5CAA}"
EndProject
Project("{9A19103F-16F7-4668-BE54-9A1E7A4F7556}") = "R5T.L0089.T000", "..\..\R5T.L0089\source\R5T.L0089.T000\R5T.L0089.T000.csproj", "{EC35EEB8-6659-4891-AAE9-9BB66E6C1AE3}"
EndProject
Project("{9A19103F-16F7-4668-BE54-9A1E7A4F7556}") = "R5T.L0089", "..\..\R5T.L0089\source\R5T.L0089\R5T.L0089.csproj", "{CA22CF0A-3D45-4F6E-A8FD-CC2B16806E0C}"
EndProject
Project("{9A19103F-16F7-4668-BE54-9A1E7A4F7556}") = "R5T.T0131", "..\..\R5T.T0131\source\R5T.T0131\R5T.T0131.csproj", "{AA3A59D4-3168-41E5-9BB3-759FE1869AB0}"
EndProject
Project("{9A19103F-16F7-4668-BE54-9A1E7A4F7556}") = "R5T.T0156", "..\..\R5T.T0156\source\R5T.T0156\R5T.T0156.csproj", "{E459AE29-BDBA-4D91-A012-5BF93EECF6A1}"
EndProject
Project("{9A19103F-16F7-4668-BE54-9A1E7A4F7556}") = "R5T.T0162.Z000", "R5T.T0162.Z000\R5T.T0162.Z000.csproj", "{547698DD-F3E7-4E59-8B6B-4EFA5C96BD74}"
EndProject
Project("{9A19103F-16F7-4668-BE54-9A1E7A4F7556}") = "R5T.T0221", "..\..\R5T.T0221\source\R5T.T0221\R5T.T0221.csproj", "{6AB73420-E826-4CE1-99B2-06785FA26FD1}"
EndProject
Project("{9A19103F-16F7-4668-BE54-9A1E7A4F7556}") = "R5T.T0241", "..\..\R5T.T0241\source\R5T.T0241\R5T.T0241.csproj", "{D91139C0-0CBF-4509-B2E0-9C61593A493E}"
EndProject
Project("{9A19103F-16F7-4668-BE54-9A1E7A4F7556}") = "R5T.Y0000", "..\..\R5T.Y0000\source\R5T.Y0000\R5T.Y0000.csproj", "{A65D8E18-39E7-4E15-A486-B67C606919DD}"
EndProject
Project("{9A19103F-16F7-4668-BE54-9A1E7A4F7556}") = "R5T.Y0006", "..\..\R5T.Y0006\source\R5T.Y0006\R5T.Y0006.csproj", "{CD8A69FE-11E7-4EBD-A56A-EDF1A3AFE0CB}"
EndProject
Project("{9A19103F-16F7-4668-BE54-9A1E7A4F7556}") = "R5T.Z0000", "..\..\R5T.Z0000\source\R5T.Z0000\R5T.Z0000.csproj", "{96334212-0DCB-4E3C-BE59-12C400E16491}"
EndProject
Project("{9A19103F-16F7-4668-BE54-9A1E7A4F7556}") = "R5T.Z0072.Z000", "..\..\R5T.Z0072\source\R5T.Z0072.Z000\R5T.Z0072.Z000.csproj", "{E02D574C-620F-44E9-8B32-50C021CC2882}"
EndProject
Project("{9A19103F-16F7-4668-BE54-9A1E7A4F7556}") = "R5T.Z0072.Z002", "..\..\R5T.Z0072\source\R5T.Z0072.Z002\R5T.Z0072.Z002.csproj", "{6A735E29-699A-4DB9-AC29-0310F1B7034F}"
EndProject
Global
	GlobalSection(SolutionConfigurationPlatforms) = preSolution
		Debug|Any CPU = Debug|Any CPU
		Release|Any CPU = Release|Any CPU
	EndGlobalSection
	GlobalSection(ProjectConfigurationPlatforms) = postSolution
		{9DF85A20-8D65-41B4-AD0B-F5D7B085D224}.Debug|Any CPU.ActiveCfg = Debug|Any CPU
		{9DF85A20-8D65-41B4-AD0B-F5D7B085D224}.Debug|Any CPU.Build.0 = Debug|Any CPU
		{9DF85A20-8D65-41B4-AD0B-F5D7B085D224}.Release|Any CPU.ActiveCfg = Release|Any CPU
		{9DF85A20-8D65-41B4-AD0B-F5D7B085D224}.Release|Any CPU.Build.0 = Release|Any CPU
		{7A9D4E91-70E3-4204-8CB0-0617316D0200}.Debug|Any CPU.ActiveCfg = Debug|Any CPU
		{7A9D4E91-70E3-4204-8CB0-0617316D0200}.Debug|Any CPU.Build.0 = Debug|Any CPU
		{7A9D4E91-70E3-4204-8CB0-0617316D0200}.Release|Any CPU.ActiveCfg = Release|Any CPU
		{7A9D4E91-70E3-4204-8CB0-0617316D0200}.Release|Any CPU.Build.0 = Release|Any CPU
		{23E323AF-D608-4C73-8C38-94CE4B445D8D}.Debug|Any CPU.ActiveCfg = Debug|Any CPU
		{23E323AF-D608-4C73-8C38-94CE4B445D8D}.Debug|Any CPU.Build.0 = Debug|Any CPU
		{23E323AF-D608-4C73-8C38-94CE4B445D8D}.Release|Any CPU.ActiveCfg = Release|Any CPU
		{23E323AF-D608-4C73-8C38-94CE4B445D8D}.Release|Any CPU.Build.0 = Release|Any CPU
		{E0D20F1F-1055-4D54-8480-E2ED67DC791F}.Debug|Any CPU.ActiveCfg = Debug|Any CPU
		{E0D20F1F-1055-4D54-8480-E2ED67DC791F}.Debug|Any CPU.Build.0 = Debug|Any CPU
		{E0D20F1F-1055-4D54-8480-E2ED67DC791F}.Release|Any CPU.ActiveCfg = Release|Any CPU
		{E0D20F1F-1055-4D54-8480-E2ED67DC791F}.Release|Any CPU.Build.0 = Release|Any CPU
		{FEEF086C-B034-4BA3-B3DA-F536771D133A}.Debug|Any CPU.ActiveCfg = Debug|Any CPU
		{FEEF086C-B034-4BA3-B3DA-F536771D133A}.Debug|Any CPU.Build.0 = Debug|Any CPU
		{FEEF086C-B034-4BA3-B3DA-F536771D133A}.Release|Any CPU.ActiveCfg = Release|Any CPU
		{FEEF086C-B034-4BA3-B3DA-F536771D133A}.Release|Any CPU.Build.0 = Release|Any CPU
		{40913784-D061-4942-83D7-0B54563A4B53}.Debug|Any CPU.ActiveCfg = Debug|Any CPU
		{40913784-D061-4942-83D7-0B54563A4B53}.Debug|Any CPU.Build.0 = Debug|Any CPU
		{40913784-D061-4942-83D7-0B54563A4B53}.Release|Any CPU.ActiveCfg = Release|Any CPU
		{40913784-D061-4942-83D7-0B54563A4B53}.Release|Any CPU.Build.0 = Release|Any CPU
		{0DED29FE-2439-4A93-A720-A7193F05BC63}.Debug|Any CPU.ActiveCfg = Debug|Any CPU
		{0DED29FE-2439-4A93-A720-A7193F05BC63}.Debug|Any CPU.Build.0 = Debug|Any CPU
		{0DED29FE-2439-4A93-A720-A7193F05BC63}.Release|Any CPU.ActiveCfg = Release|Any CPU
		{0DED29FE-2439-4A93-A720-A7193F05BC63}.Release|Any CPU.Build.0 = Release|Any CPU
		{61BC2B09-84CE-4E9B-8C1E-6868EA5C2A16}.Debug|Any CPU.ActiveCfg = Debug|Any CPU
		{61BC2B09-84CE-4E9B-8C1E-6868EA5C2A16}.Debug|Any CPU.Build.0 = Debug|Any CPU
		{61BC2B09-84CE-4E9B-8C1E-6868EA5C2A16}.Release|Any CPU.ActiveCfg = Release|Any CPU
		{61BC2B09-84CE-4E9B-8C1E-6868EA5C2A16}.Release|Any CPU.Build.0 = Release|Any CPU
		{3ED52A92-6B27-4C47-858E-B3D486AF1185}.Debug|Any CPU.ActiveCfg = Debug|Any CPU
		{3ED52A92-6B27-4C47-858E-B3D486AF1185}.Debug|Any CPU.Build.0 = Debug|Any CPU
		{3ED52A92-6B27-4C47-858E-B3D486AF1185}.Release|Any CPU.ActiveCfg = Release|Any CPU
		{3ED52A92-6B27-4C47-858E-B3D486AF1185}.Release|Any CPU.Build.0 = Release|Any CPU
		{1CF4CA81-FD44-4B6F-B1EC-EAB3625D2072}.Debug|Any CPU.ActiveCfg = Debug|Any CPU
		{1CF4CA81-FD44-4B6F-B1EC-EAB3625D2072}.Debug|Any CPU.Build.0 = Debug|Any CPU
		{1CF4CA81-FD44-4B6F-B1EC-EAB3625D2072}.Release|Any CPU.ActiveCfg = Release|Any CPU
		{1CF4CA81-FD44-4B6F-B1EC-EAB3625D2072}.Release|Any CPU.Build.0 = Release|Any CPU
		{9EBBC262-25DB-4382-AF61-FC6663078AA1}.Debug|Any CPU.ActiveCfg = Debug|Any CPU
		{9EBBC262-25DB-4382-AF61-FC6663078AA1}.Debug|Any CPU.Build.0 = Debug|Any CPU
		{9EBBC262-25DB-4382-AF61-FC6663078AA1}.Release|Any CPU.ActiveCfg = Release|Any CPU
		{9EBBC262-25DB-4382-AF61-FC6663078AA1}.Release|Any CPU.Build.0 = Release|Any CPU
		{3273ABC3-8307-4F6D-AFC6-7A5D4B74A53C}.Debug|Any CPU.ActiveCfg = Debug|Any CPU
		{3273ABC3-8307-4F6D-AFC6-7A5D4B74A53C}.Debug|Any CPU.Build.0 = Debug|Any CPU
		{3273ABC3-8307-4F6D-AFC6-7A5D4B74A53C}.Release|Any CPU.ActiveCfg = Release|Any CPU
		{3273ABC3-8307-4F6D-AFC6-7A5D4B74A53C}.Release|Any CPU.Build.0 = Release|Any CPU
		{7E45175C-B083-422A-B8C1-CBE0F63CBA3F}.Debug|Any CPU.ActiveCfg = Debug|Any CPU
		{7E45175C-B083-422A-B8C1-CBE0F63CBA3F}.Debug|Any CPU.Build.0 = Debug|Any CPU
		{7E45175C-B083-422A-B8C1-CBE0F63CBA3F}.Release|Any CPU.ActiveCfg = Release|Any CPU
		{7E45175C-B083-422A-B8C1-CBE0F63CBA3F}.Release|Any CPU.Build.0 = Release|Any CPU
		{1FF65052-6089-46A7-BAA5-A3135FCABD84}.Debug|Any CPU.ActiveCfg = Debug|Any CPU
		{1FF65052-6089-46A7-BAA5-A3135FCABD84}.Debug|Any CPU.Build.0 = Debug|Any CPU
		{1FF65052-6089-46A7-BAA5-A3135FCABD84}.Release|Any CPU.ActiveCfg = Release|Any CPU
		{1FF65052-6089-46A7-BAA5-A3135FCABD84}.Release|Any CPU.Build.0 = Release|Any CPU
		{A444B6AB-7C56-4630-94B8-94D6C6BB5CAA}.Debug|Any CPU.ActiveCfg = Debug|Any CPU
		{A444B6AB-7C56-4630-94B8-94D6C6BB5CAA}.Debug|Any CPU.Build.0 = Debug|Any CPU
		{A444B6AB-7C56-4630-94B8-94D6C6BB5CAA}.Release|Any CPU.ActiveCfg = Release|Any CPU
		{A444B6AB-7C56-4630-94B8-94D6C6BB5CAA}.Release|Any CPU.Build.0 = Release|Any CPU
		{EC35EEB8-6659-4891-AAE9-9BB66E6C1AE3}.Debug|Any CPU.ActiveCfg = Debug|Any CPU
		{EC35EEB8-6659-4891-AAE9-9BB66E6C1AE3}.Debug|Any CPU.Build.0 = Debug|Any CPU
		{EC35EEB8-6659-4891-AAE9-9BB66E6C1AE3}.Release|Any CPU.ActiveCfg = Release|Any CPU
		{EC35EEB8-6659-4891-AAE9-9BB66E6C1AE3}.Release|Any CPU.Build.0 = Release|Any CPU
		{CA22CF0A-3D45-4F6E-A8FD-CC2B16806E0C}.Debug|Any CPU.ActiveCfg = Debug|Any CPU
		{CA22CF0A-3D45-4F6E-A8FD-CC2B16806E0C}.Debug|Any CPU.Build.0 = Debug|Any CPU
		{CA22CF0A-3D45-4F6E-A8FD-CC2B16806E0C}.Release|Any CPU.ActiveCfg = Release|Any CPU
		{CA22CF0A-3D45-4F6E-A8FD-CC2B16806E0C}.Release|Any CPU.Build.0 = Release|Any CPU
		{AA3A59D4-3168-41E5-9BB3-759FE1869AB0}.Debug|Any CPU.ActiveCfg = Debug|Any CPU
		{AA3A59D4-3168-41E5-9BB3-759FE1869AB0}.Debug|Any CPU.Build.0 = Debug|Any CPU
		{AA3A59D4-3168-41E5-9BB3-759FE1869AB0}.Release|Any CPU.ActiveCfg = Release|Any CPU
		{AA3A59D4-3168-41E5-9BB3-759FE1869AB0}.Release|Any CPU.Build.0 = Release|Any CPU
		{E459AE29-BDBA-4D91-A012-5BF93EECF6A1}.Debug|Any CPU.ActiveCfg = Debug|Any CPU
		{E459AE29-BDBA-4D91-A012-5BF93EECF6A1}.Debug|Any CPU.Build.0 = Debug|Any CPU
		{E459AE29-BDBA-4D91-A012-5BF93EECF6A1}.Release|Any CPU.ActiveCfg = Release|Any CPU
		{E459AE29-BDBA-4D91-A012-5BF93EECF6A1}.Release|Any CPU.Build.0 = Release|Any CPU
		{547698DD-F3E7-4E59-8B6B-4EFA5C96BD74}.Debug|Any CPU.ActiveCfg = Debug|Any CPU
		{547698DD-F3E7-4E59-8B6B-4EFA5C96BD74}.Debug|Any CPU.Build.0 = Debug|Any CPU
		{547698DD-F3E7-4E59-8B6B-4EFA5C96BD74}.Release|Any CPU.ActiveCfg = Release|Any CPU
		{547698DD-F3E7-4E59-8B6B-4EFA5C96BD74}.Release|Any CPU.Build.0 = Release|Any CPU
		{6AB73420-E826-4CE1-99B2-06785FA26FD1}.Debug|Any CPU.ActiveCfg = Debug|Any CPU
		{6AB73420-E826-4CE1-99B2-06785FA26FD1}.Debug|Any CPU.Build.0 = Debug|Any CPU
		{6AB73420-E826-4CE1-99B2-06785FA26FD1}.Release|Any CPU.ActiveCfg = Release|Any CPU
		{6AB73420-E826-4CE1-99B2-06785FA26FD1}.Release|Any CPU.Build.0 = Release|Any CPU
		{D91139C0-0CBF-4509-B2E0-9C61593A493E}.Debug|Any CPU.ActiveCfg = Debug|Any CPU
		{D91139C0-0CBF-4509-B2E0-9C61593A493E}.Debug|Any CPU.Build.0 = Debug|Any CPU
		{D91139C0-0CBF-4509-B2E0-9C61593A493E}.Release|Any CPU.ActiveCfg = Release|Any CPU
		{D91139C0-0CBF-4509-B2E0-9C61593A493E}.Release|Any CPU.Build.0 = Release|Any CPU
		{A65D8E18-39E7-4E15-A486-B67C606919DD}.Debug|Any CPU.ActiveCfg = Debug|Any CPU
		{A65D8E18-39E7-4E15-A486-B67C606919DD}.Debug|Any CPU.Build.0 = Debug|Any CPU
		{A65D8E18-39E7-4E15-A486-B67C606919DD}.Release|Any CPU.ActiveCfg = Release|Any CPU
		{A65D8E18-39E7-4E15-A486-B67C606919DD}.Release|Any CPU.Build.0 = Release|Any CPU
		{CD8A69FE-11E7-4EBD-A56A-EDF1A3AFE0CB}.Debug|Any CPU.ActiveCfg = Debug|Any CPU
		{CD8A69FE-11E7-4EBD-A56A-EDF1A3AFE0CB}.Debug|Any CPU.Build.0 = Debug|Any CPU
		{CD8A69FE-11E7-4EBD-A56A-EDF1A3AFE0CB}.Release|Any CPU.ActiveCfg = Release|Any CPU
		{CD8A69FE-11E7-4EBD-A56A-EDF1A3AFE0CB}.Release|Any CPU.Build.0 = Release|Any CPU
		{96334212-0DCB-4E3C-BE59-12C400E16491}.Debug|Any CPU.ActiveCfg = Debug|Any CPU
		{96334212-0DCB-4E3C-BE59-12C400E16491}.Debug|Any CPU.Build.0 = Debug|Any CPU
		{96334212-0DCB-4E3C-BE59-12C400E16491}.Release|Any CPU.ActiveCfg = Release|Any CPU
		{96334212-0DCB-4E3C-BE59-12C400E16491}.Release|Any CPU.Build.0 = Release|Any CPU
		{E02D574C-620F-44E9-8B32-50C021CC2882}.Debug|Any CPU.ActiveCfg = Debug|Any CPU
		{E02D574C-620F-44E9-8B32-50C021CC2882}.Debug|Any CPU.Build.0 = Debug|Any CPU
		{E02D574C-620F-44E9-8B32-50C021CC2882}.Release|Any CPU.ActiveCfg = Release|Any CPU
		{E02D574C-620F-44E9-8B32-50C021CC2882}.Release|Any CPU.Build.0 = Release|Any CPU
		{6A735E29-699A-4DB9-AC29-0310F1B7034F}.Debug|Any CPU.ActiveCfg = Debug|Any CPU
		{6A735E29-699A-4DB9-AC29-0310F1B7034F}.Debug|Any CPU.Build.0 = Debug|Any CPU
		{6A735E29-699A-4DB9-AC29-0310F1B7034F}.Release|Any CPU.ActiveCfg = Release|Any CPU
		{6A735E29-699A-4DB9-AC29-0310F1B7034F}.Release|Any CPU.Build.0 = Release|Any CPU
	EndGlobalSection
	GlobalSection(SolutionProperties) = preSolution
		HideSolutionNode = FALSE
	EndGlobalSection
	GlobalSection(NestedProjects) = preSolution
		{23E323AF-D608-4C73-8C38-94CE4B445D8D} = {B7BF693A-3BB9-467A-8297-AECFAC235DE9}
		{E0D20F1F-1055-4D54-8480-E2ED67DC791F} = {B7BF693A-3BB9-467A-8297-AECFAC235DE9}
		{FEEF086C-B034-4BA3-B3DA-F536771D133A} = {B7BF693A-3BB9-467A-8297-AECFAC235DE9}
		{40913784-D061-4942-83D7-0B54563A4B53} = {B7BF693A-3BB9-467A-8297-AECFAC235DE9}
		{0DED29FE-2439-4A93-A720-A7193F05BC63} = {B7BF693A-3BB9-467A-8297-AECFAC235DE9}
		{61BC2B09-84CE-4E9B-8C1E-6868EA5C2A16} = {B7BF693A-3BB9-467A-8297-AECFAC235DE9}
		{3ED52A92-6B27-4C47-858E-B3D486AF1185} = {B7BF693A-3BB9-467A-8297-AECFAC235DE9}
		{9EBBC262-25DB-4382-AF61-FC6663078AA1} = {B7BF693A-3BB9-467A-8297-AECFAC235DE9}
		{3273ABC3-8307-4F6D-AFC6-7A5D4B74A53C} = {B7BF693A-3BB9-467A-8297-AECFAC235DE9}
		{7E45175C-B083-422A-B8C1-CBE0F63CBA3F} = {B7BF693A-3BB9-467A-8297-AECFAC235DE9}
		{1FF65052-6089-46A7-BAA5-A3135FCABD84} = {B7BF693A-3BB9-467A-8297-AECFAC235DE9}
		{A444B6AB-7C56-4630-94B8-94D6C6BB5CAA} = {B7BF693A-3BB9-467A-8297-AECFAC235DE9}
		{EC35EEB8-6659-4891-AAE9-9BB66E6C1AE3} = {B7BF693A-3BB9-467A-8297-AECFAC235DE9}
		{CA22CF0A-3D45-4F6E-A8FD-CC2B16806E0C} = {B7BF693A-3BB9-467A-8297-AECFAC235DE9}
		{AA3A59D4-3168-41E5-9BB3-759FE1869AB0} = {B7BF693A-3BB9-467A-8297-AECFAC235DE9}
		{E459AE29-BDBA-4D91-A012-5BF93EECF6A1} = {B7BF693A-3BB9-467A-8297-AECFAC235DE9}
		{6AB73420-E826-4CE1-99B2-06785FA26FD1} = {B7BF693A-3BB9-467A-8297-AECFAC235DE9}
		{D91139C0-0CBF-4509-B2E0-9C61593A493E} = {B7BF693A-3BB9-467A-8297-AECFAC235DE9}
		{A65D8E18-39E7-4E15-A486-B67C606919DD} = {B7BF693A-3BB9-467A-8297-AECFAC235DE9}
		{CD8A69FE-11E7-4EBD-A56A-EDF1A3AFE0CB} = {B7BF693A-3BB9-467A-8297-AECFAC235DE9}
		{96334212-0DCB-4E3C-BE59-12C400E16491} = {B7BF693A-3BB9-467A-8297-AECFAC235DE9}
		{E02D574C-620F-44E9-8B32-50C021CC2882} = {B7BF693A-3BB9-467A-8297-AECFAC235DE9}
		{6A735E29-699A-4DB9-AC29-0310F1B7034F} = {B7BF693A-3BB9-467A-8297-AECFAC235DE9}
	EndGlobalSection
	GlobalSection(ExtensibilityGlobals) = postSolution
		SolutionGuid = {6FF5DCAA-9A5B-46C8-93C1-E55673C8E51B}
	EndGlobalSection
EndGlobal
