
Microsoft Visual Studio Solution File, Format Version 12.00
# Visual Studio Version 17
VisualStudioVersion = 17.2.32630.192
MinimumVisualStudioVersion = 10.0.40219.1
Project("{9A19103F-16F7-4668-BE54-9A1E7A4F7556}") = "R5T.T0162", "R5T.T0162\R5T.T0162.csproj", "{2B29EFA0-763E-444E-88D5-7084C0B16A79}"
EndProject
Project("{2150E333-8FDC-42A3-9474-1A3956D46DE8}") = "_Dependencies", "_Dependencies", "{1935ACBD-CB58-4304-B4A4-F620924747FF}"
EndProject
Project("{9A19103F-16F7-4668-BE54-9A1E7A4F7556}") = "R5T.T0143", "..\..\R5T.T0143\source\R5T.T0143\R5T.T0143.csproj", "{66FAFA36-D8F4-4AB1-BC2E-4FFA6D075913}"
EndProject
Project("{9A19103F-16F7-4668-BE54-9A1E7A4F7556}") = "R5T.T0150", "..\..\R5T.T0150\source\R5T.T0150\R5T.T0150.csproj", "{101E3A6F-43DB-4950-8485-A36C6E55873A}"
EndProject
Project("{9A19103F-16F7-4668-BE54-9A1E7A4F7556}") = "R5T.T0151", "..\..\R5T.T0151\source\R5T.T0151\R5T.T0151.csproj", "{CA82C743-D360-4DB8-9177-9D03006B0C80}"
EndProject
Project("{9A19103F-16F7-4668-BE54-9A1E7A4F7556}") = "R5T.T0132", "..\..\R5T.T0132\source\R5T.T0132\R5T.T0132.csproj", "{47C3F0DC-4C7E-4E4D-9F7D-DC49C4272038}"
EndProject
Project("{9A19103F-16F7-4668-BE54-9A1E7A4F7556}") = "R5T.T0162.Z000", "R5T.T0162.Z000\R5T.T0162.Z000.csproj", "{687F2423-1C18-411E-9585-FB1C492228DB}"
EndProject
Project("{9A19103F-16F7-4668-BE54-9A1E7A4F7556}") = "R5T.F0000", "..\..\R5T.F0000\source\R5T.F0000\R5T.F0000.csproj", "{C10472F3-58B6-4006-80C9-1FD7288FC655}"
EndProject
Project("{9A19103F-16F7-4668-BE54-9A1E7A4F7556}") = "R5T.T0131", "..\..\R5T.T0131\source\R5T.T0131\R5T.T0131.csproj", "{018C0EAD-C653-428B-8245-DFD641CDF4ED}"
EndProject
Project("{9A19103F-16F7-4668-BE54-9A1E7A4F7556}") = "R5T.T0142", "..\..\R5T.T0142\source\R5T.T0142\R5T.T0142.csproj", "{13557B84-B472-4E40-94DA-C63A6EECE0A2}"
EndProject
Project("{9A19103F-16F7-4668-BE54-9A1E7A4F7556}") = "R5T.T0156", "..\..\R5T.T0156\source\R5T.T0156\R5T.T0156.csproj", "{50737F18-C905-4216-8F81-641F04DA9FDD}"
EndProject
Project("{9A19103F-16F7-4668-BE54-9A1E7A4F7556}") = "R5T.Y0000", "..\..\R5T.Y0000\source\R5T.Y0000\R5T.Y0000.csproj", "{CB111BC6-229E-4FA7-9C1D-D436D7742BDA}"
EndProject
Project("{9A19103F-16F7-4668-BE54-9A1E7A4F7556}") = "R5T.Z0000", "..\..\R5T.Z0000\source\R5T.Z0000\R5T.Z0000.csproj", "{D613213A-C6B3-41D3-9C8A-3AD5FEF1C866}"
EndProject
Project("{9A19103F-16F7-4668-BE54-9A1E7A4F7556}") = "R5T.T0162.F001", "R5T.T0162.F001\R5T.T0162.F001.csproj", "{337371FA-4505-4FE1-8EEE-FBE8BA86AAEF}"
EndProject
Project("{9A19103F-16F7-4668-BE54-9A1E7A4F7556}") = "R5T.L0053", "..\..\R5T.L0053\source\R5T.L0053\R5T.L0053.csproj", "{462BC593-3542-484C-BE53-2E39B2CF5842}"
EndProject
Project("{9A19103F-16F7-4668-BE54-9A1E7A4F7556}") = "R5T.T0178", "..\..\R5T.T0178\source\R5T.T0178\R5T.T0178.csproj", "{F496381C-F8AC-43B5-835F-5090FB555A96}"
EndProject
Project("{9A19103F-16F7-4668-BE54-9A1E7A4F7556}") = "R5T.T0179", "..\..\R5T.T0179\source\R5T.T0179\R5T.T0179.csproj", "{6B368036-F6D3-4051-BCA8-5C4A5A083AC8}"
EndProject
Project("{9A19103F-16F7-4668-BE54-9A1E7A4F7556}") = "R5T.Z0010.Platform", "..\..\R5T.Z0010\source\R5T.Z0010.Platform\R5T.Z0010.Platform.csproj", "{E9706AC8-5219-4C64-B8DD-49D9BF9621CF}"
EndProject
Global
	GlobalSection(NestedProjects) = preSolution
		{66FAFA36-D8F4-4AB1-BC2E-4FFA6D075913} = {1935ACBD-CB58-4304-B4A4-F620924747FF}
		{101E3A6F-43DB-4950-8485-A36C6E55873A} = {1935ACBD-CB58-4304-B4A4-F620924747FF}
		{CA82C743-D360-4DB8-9177-9D03006B0C80} = {1935ACBD-CB58-4304-B4A4-F620924747FF}
		{47C3F0DC-4C7E-4E4D-9F7D-DC49C4272038} = {1935ACBD-CB58-4304-B4A4-F620924747FF}
		{C10472F3-58B6-4006-80C9-1FD7288FC655} = {1935ACBD-CB58-4304-B4A4-F620924747FF}
		{018C0EAD-C653-428B-8245-DFD641CDF4ED} = {1935ACBD-CB58-4304-B4A4-F620924747FF}
		{13557B84-B472-4E40-94DA-C63A6EECE0A2} = {1935ACBD-CB58-4304-B4A4-F620924747FF}
		{50737F18-C905-4216-8F81-641F04DA9FDD} = {1935ACBD-CB58-4304-B4A4-F620924747FF}
		{CB111BC6-229E-4FA7-9C1D-D436D7742BDA} = {1935ACBD-CB58-4304-B4A4-F620924747FF}
		{D613213A-C6B3-41D3-9C8A-3AD5FEF1C866} = {1935ACBD-CB58-4304-B4A4-F620924747FF}
		{462BC593-3542-484C-BE53-2E39B2CF5842} = {1935ACBD-CB58-4304-B4A4-F620924747FF}
		{F496381C-F8AC-43B5-835F-5090FB555A96} = {1935ACBD-CB58-4304-B4A4-F620924747FF}
		{6B368036-F6D3-4051-BCA8-5C4A5A083AC8} = {1935ACBD-CB58-4304-B4A4-F620924747FF}
		{E9706AC8-5219-4C64-B8DD-49D9BF9621CF} = {1935ACBD-CB58-4304-B4A4-F620924747FF}
	EndGlobalSection
	GlobalSection(SolutionConfigurationPlatforms) = preSolution
		Debug|Any CPU = Debug|Any CPU
		Release|Any CPU = Release|Any CPU
	EndGlobalSection
	GlobalSection(ProjectConfigurationPlatforms) = postSolution
		{2B29EFA0-763E-444E-88D5-7084C0B16A79}.Debug|Any CPU.ActiveCfg = Debug|Any CPU
		{2B29EFA0-763E-444E-88D5-7084C0B16A79}.Debug|Any CPU.Build.0 = Debug|Any CPU
		{2B29EFA0-763E-444E-88D5-7084C0B16A79}.Release|Any CPU.ActiveCfg = Release|Any CPU
		{2B29EFA0-763E-444E-88D5-7084C0B16A79}.Release|Any CPU.Build.0 = Release|Any CPU
		{66FAFA36-D8F4-4AB1-BC2E-4FFA6D075913}.Debug|Any CPU.ActiveCfg = Debug|Any CPU
		{66FAFA36-D8F4-4AB1-BC2E-4FFA6D075913}.Debug|Any CPU.Build.0 = Debug|Any CPU
		{66FAFA36-D8F4-4AB1-BC2E-4FFA6D075913}.Release|Any CPU.ActiveCfg = Release|Any CPU
		{66FAFA36-D8F4-4AB1-BC2E-4FFA6D075913}.Release|Any CPU.Build.0 = Release|Any CPU
		{101E3A6F-43DB-4950-8485-A36C6E55873A}.Debug|Any CPU.ActiveCfg = Debug|Any CPU
		{101E3A6F-43DB-4950-8485-A36C6E55873A}.Debug|Any CPU.Build.0 = Debug|Any CPU
		{101E3A6F-43DB-4950-8485-A36C6E55873A}.Release|Any CPU.ActiveCfg = Release|Any CPU
		{101E3A6F-43DB-4950-8485-A36C6E55873A}.Release|Any CPU.Build.0 = Release|Any CPU
		{CA82C743-D360-4DB8-9177-9D03006B0C80}.Debug|Any CPU.ActiveCfg = Debug|Any CPU
		{CA82C743-D360-4DB8-9177-9D03006B0C80}.Debug|Any CPU.Build.0 = Debug|Any CPU
		{CA82C743-D360-4DB8-9177-9D03006B0C80}.Release|Any CPU.ActiveCfg = Release|Any CPU
		{CA82C743-D360-4DB8-9177-9D03006B0C80}.Release|Any CPU.Build.0 = Release|Any CPU
		{47C3F0DC-4C7E-4E4D-9F7D-DC49C4272038}.Debug|Any CPU.ActiveCfg = Debug|Any CPU
		{47C3F0DC-4C7E-4E4D-9F7D-DC49C4272038}.Debug|Any CPU.Build.0 = Debug|Any CPU
		{47C3F0DC-4C7E-4E4D-9F7D-DC49C4272038}.Release|Any CPU.ActiveCfg = Release|Any CPU
		{47C3F0DC-4C7E-4E4D-9F7D-DC49C4272038}.Release|Any CPU.Build.0 = Release|Any CPU
		{687F2423-1C18-411E-9585-FB1C492228DB}.Debug|Any CPU.ActiveCfg = Debug|Any CPU
		{687F2423-1C18-411E-9585-FB1C492228DB}.Debug|Any CPU.Build.0 = Debug|Any CPU
		{687F2423-1C18-411E-9585-FB1C492228DB}.Release|Any CPU.ActiveCfg = Release|Any CPU
		{687F2423-1C18-411E-9585-FB1C492228DB}.Release|Any CPU.Build.0 = Release|Any CPU
		{C10472F3-58B6-4006-80C9-1FD7288FC655}.Debug|Any CPU.ActiveCfg = Debug|Any CPU
		{C10472F3-58B6-4006-80C9-1FD7288FC655}.Debug|Any CPU.Build.0 = Debug|Any CPU
		{C10472F3-58B6-4006-80C9-1FD7288FC655}.Release|Any CPU.ActiveCfg = Release|Any CPU
		{C10472F3-58B6-4006-80C9-1FD7288FC655}.Release|Any CPU.Build.0 = Release|Any CPU
		{018C0EAD-C653-428B-8245-DFD641CDF4ED}.Debug|Any CPU.ActiveCfg = Debug|Any CPU
		{018C0EAD-C653-428B-8245-DFD641CDF4ED}.Debug|Any CPU.Build.0 = Debug|Any CPU
		{018C0EAD-C653-428B-8245-DFD641CDF4ED}.Release|Any CPU.ActiveCfg = Release|Any CPU
		{018C0EAD-C653-428B-8245-DFD641CDF4ED}.Release|Any CPU.Build.0 = Release|Any CPU
		{13557B84-B472-4E40-94DA-C63A6EECE0A2}.Debug|Any CPU.ActiveCfg = Debug|Any CPU
		{13557B84-B472-4E40-94DA-C63A6EECE0A2}.Debug|Any CPU.Build.0 = Debug|Any CPU
		{13557B84-B472-4E40-94DA-C63A6EECE0A2}.Release|Any CPU.ActiveCfg = Release|Any CPU
		{13557B84-B472-4E40-94DA-C63A6EECE0A2}.Release|Any CPU.Build.0 = Release|Any CPU
		{50737F18-C905-4216-8F81-641F04DA9FDD}.Debug|Any CPU.ActiveCfg = Debug|Any CPU
		{50737F18-C905-4216-8F81-641F04DA9FDD}.Debug|Any CPU.Build.0 = Debug|Any CPU
		{50737F18-C905-4216-8F81-641F04DA9FDD}.Release|Any CPU.ActiveCfg = Release|Any CPU
		{50737F18-C905-4216-8F81-641F04DA9FDD}.Release|Any CPU.Build.0 = Release|Any CPU
		{CB111BC6-229E-4FA7-9C1D-D436D7742BDA}.Debug|Any CPU.ActiveCfg = Debug|Any CPU
		{CB111BC6-229E-4FA7-9C1D-D436D7742BDA}.Debug|Any CPU.Build.0 = Debug|Any CPU
		{CB111BC6-229E-4FA7-9C1D-D436D7742BDA}.Release|Any CPU.ActiveCfg = Release|Any CPU
		{CB111BC6-229E-4FA7-9C1D-D436D7742BDA}.Release|Any CPU.Build.0 = Release|Any CPU
		{D613213A-C6B3-41D3-9C8A-3AD5FEF1C866}.Debug|Any CPU.ActiveCfg = Debug|Any CPU
		{D613213A-C6B3-41D3-9C8A-3AD5FEF1C866}.Debug|Any CPU.Build.0 = Debug|Any CPU
		{D613213A-C6B3-41D3-9C8A-3AD5FEF1C866}.Release|Any CPU.ActiveCfg = Release|Any CPU
		{D613213A-C6B3-41D3-9C8A-3AD5FEF1C866}.Release|Any CPU.Build.0 = Release|Any CPU
		{337371FA-4505-4FE1-8EEE-FBE8BA86AAEF}.Debug|Any CPU.ActiveCfg = Debug|Any CPU
		{337371FA-4505-4FE1-8EEE-FBE8BA86AAEF}.Debug|Any CPU.Build.0 = Debug|Any CPU
		{337371FA-4505-4FE1-8EEE-FBE8BA86AAEF}.Release|Any CPU.ActiveCfg = Release|Any CPU
		{337371FA-4505-4FE1-8EEE-FBE8BA86AAEF}.Release|Any CPU.Build.0 = Release|Any CPU
		{462BC593-3542-484C-BE53-2E39B2CF5842}.Debug|Any CPU.ActiveCfg = Debug|Any CPU
		{462BC593-3542-484C-BE53-2E39B2CF5842}.Debug|Any CPU.Build.0 = Debug|Any CPU
		{462BC593-3542-484C-BE53-2E39B2CF5842}.Release|Any CPU.ActiveCfg = Release|Any CPU
		{462BC593-3542-484C-BE53-2E39B2CF5842}.Release|Any CPU.Build.0 = Release|Any CPU
		{F496381C-F8AC-43B5-835F-5090FB555A96}.Debug|Any CPU.ActiveCfg = Debug|Any CPU
		{F496381C-F8AC-43B5-835F-5090FB555A96}.Debug|Any CPU.Build.0 = Debug|Any CPU
		{F496381C-F8AC-43B5-835F-5090FB555A96}.Release|Any CPU.ActiveCfg = Release|Any CPU
		{F496381C-F8AC-43B5-835F-5090FB555A96}.Release|Any CPU.Build.0 = Release|Any CPU
		{6B368036-F6D3-4051-BCA8-5C4A5A083AC8}.Debug|Any CPU.ActiveCfg = Debug|Any CPU
		{6B368036-F6D3-4051-BCA8-5C4A5A083AC8}.Debug|Any CPU.Build.0 = Debug|Any CPU
		{6B368036-F6D3-4051-BCA8-5C4A5A083AC8}.Release|Any CPU.ActiveCfg = Release|Any CPU
		{6B368036-F6D3-4051-BCA8-5C4A5A083AC8}.Release|Any CPU.Build.0 = Release|Any CPU
		{E9706AC8-5219-4C64-B8DD-49D9BF9621CF}.Debug|Any CPU.ActiveCfg = Debug|Any CPU
		{E9706AC8-5219-4C64-B8DD-49D9BF9621CF}.Debug|Any CPU.Build.0 = Debug|Any CPU
		{E9706AC8-5219-4C64-B8DD-49D9BF9621CF}.Release|Any CPU.ActiveCfg = Release|Any CPU
		{E9706AC8-5219-4C64-B8DD-49D9BF9621CF}.Release|Any CPU.Build.0 = Release|Any CPU
	EndGlobalSection
	GlobalSection(SolutionProperties) = preSolution
		HideSolutionNode = FALSE
	EndGlobalSection
	GlobalSection(ExtensibilityGlobals) = postSolution
		SolutionGuid = {DD50B27F-F0E0-46EF-877B-7B172DA63BAE}
	EndGlobalSection
EndGlobal
